// !$*UTF8*$!
{
	archiveVersion = 1;
	classes = {
	};
	objectVersion = 55;
	objects = {

/* Begin PBXBuildFile section */
		745E38D027DDE4DF000CD3F4 /* AppDelegate.swift in Sources */ = {isa = PBXBuildFile; fileRef = 745E38CF27DDE4DF000CD3F4 /* AppDelegate.swift */; };
		745E38D227DDE4DF000CD3F4 /* SceneDelegate.swift in Sources */ = {isa = PBXBuildFile; fileRef = 745E38D127DDE4DF000CD3F4 /* SceneDelegate.swift */; };
		745E38D427DDE4DF000CD3F4 /* ViewController.swift in Sources */ = {isa = PBXBuildFile; fileRef = 745E38D327DDE4DF000CD3F4 /* ViewController.swift */; };
		745E38D727DDE4DF000CD3F4 /* Main.storyboard in Resources */ = {isa = PBXBuildFile; fileRef = 745E38D527DDE4DF000CD3F4 /* Main.storyboard */; };
		745E38D927DDE4E0000CD3F4 /* Assets.xcassets in Resources */ = {isa = PBXBuildFile; fileRef = 745E38D827DDE4E0000CD3F4 /* Assets.xcassets */; };
		745E38DC27DDE4E0000CD3F4 /* LaunchScreen.storyboard in Resources */ = {isa = PBXBuildFile; fileRef = 745E38DA27DDE4E0000CD3F4 /* LaunchScreen.storyboard */; };
		745E38E727DDE4E0000CD3F4 /* MyCalculatorTests.swift in Sources */ = {isa = PBXBuildFile; fileRef = 745E38E627DDE4E0000CD3F4 /* MyCalculatorTests.swift */; };
		745E38F127DDE4E0000CD3F4 /* MyCalculatorUITests.swift in Sources */ = {isa = PBXBuildFile; fileRef = 745E38F027DDE4E0000CD3F4 /* MyCalculatorUITests.swift */; };
		745E38F327DDE4E0000CD3F4 /* MyCalculatorUITestsLaunchTests.swift in Sources */ = {isa = PBXBuildFile; fileRef = 745E38F227DDE4E0000CD3F4 /* MyCalculatorUITestsLaunchTests.swift */; };
/* End PBXBuildFile section */

/* Begin PBXContainerItemProxy section */
		745E38E327DDE4E0000CD3F4 /* PBXContainerItemProxy */ = {
			isa = PBXContainerItemProxy;
			containerPortal = 745E38C427DDE4DF000CD3F4 /* Project object */;
			proxyType = 1;
			remoteGlobalIDString = 745E38CB27DDE4DF000CD3F4;
			remoteInfo = MyCalculator;
		};
		745E38ED27DDE4E0000CD3F4 /* PBXContainerItemProxy */ = {
			isa = PBXContainerItemProxy;
			containerPortal = 745E38C427DDE4DF000CD3F4 /* Project object */;
			proxyType = 1;
			remoteGlobalIDString = 745E38CB27DDE4DF000CD3F4;
			remoteInfo = MyCalculator;
		};
/* End PBXContainerItemProxy section */

/* Begin PBXFileReference section */
		745E38CC27DDE4DF000CD3F4 /* MyCalculator.app */ = {isa = PBXFileReference; explicitFileType = wrapper.application; includeInIndex = 0; path = MyCalculator.app; sourceTree = BUILT_PRODUCTS_DIR; };
		745E38CF27DDE4DF000CD3F4 /* AppDelegate.swift */ = {isa = PBXFileReference; lastKnownFileType = sourcecode.swift; path = AppDelegate.swift; sourceTree = "<group>"; };
		745E38D127DDE4DF000CD3F4 /* SceneDelegate.swift */ = {isa = PBXFileReference; lastKnownFileType = sourcecode.swift; path = SceneDelegate.swift; sourceTree = "<group>"; };
		745E38D327DDE4DF000CD3F4 /* ViewController.swift */ = {isa = PBXFileReference; lastKnownFileType = sourcecode.swift; path = ViewController.swift; sourceTree = "<group>"; };
		745E38D627DDE4DF000CD3F4 /* Base */ = {isa = PBXFileReference; lastKnownFileType = file.storyboard; name = Base; path = Base.lproj/Main.storyboard; sourceTree = "<group>"; };
		745E38D827DDE4E0000CD3F4 /* Assets.xcassets */ = {isa = PBXFileReference; lastKnownFileType = folder.assetcatalog; path = Assets.xcassets; sourceTree = "<group>"; };
		745E38DB27DDE4E0000CD3F4 /* Base */ = {isa = PBXFileReference; lastKnownFileType = file.storyboard; name = Base; path = Base.lproj/LaunchScreen.storyboard; sourceTree = "<group>"; };
		745E38DD27DDE4E0000CD3F4 /* Info.plist */ = {isa = PBXFileReference; lastKnownFileType = text.plist.xml; path = Info.plist; sourceTree = "<group>"; };
		745E38E227DDE4E0000CD3F4 /* MyCalculatorTests.xctest */ = {isa = PBXFileReference; explicitFileType = wrapper.cfbundle; includeInIndex = 0; path = MyCalculatorTests.xctest; sourceTree = BUILT_PRODUCTS_DIR; };
		745E38E627DDE4E0000CD3F4 /* MyCalculatorTests.swift */ = {isa = PBXFileReference; lastKnownFileType = sourcecode.swift; path = MyCalculatorTests.swift; sourceTree = "<group>"; };
		745E38EC27DDE4E0000CD3F4 /* MyCalculatorUITests.xctest */ = {isa = PBXFileReference; explicitFileType = wrapper.cfbundle; includeInIndex = 0; path = MyCalculatorUITests.xctest; sourceTree = BUILT_PRODUCTS_DIR; };
		745E38F027DDE4E0000CD3F4 /* MyCalculatorUITests.swift */ = {isa = PBXFileReference; lastKnownFileType = sourcecode.swift; path = MyCalculatorUITests.swift; sourceTree = "<group>"; };
		745E38F227DDE4E0000CD3F4 /* MyCalculatorUITestsLaunchTests.swift */ = {isa = PBXFileReference; lastKnownFileType = sourcecode.swift; path = MyCalculatorUITestsLaunchTests.swift; sourceTree = "<group>"; };
/* End PBXFileReference section */

/* Begin PBXFrameworksBuildPhase section */
		745E38C927DDE4DF000CD3F4 /* Frameworks */ = {
			isa = PBXFrameworksBuildPhase;
			buildActionMask = 2147483647;
			files = (
			);
			runOnlyForDeploymentPostprocessing = 0;
		};
		745E38DF27DDE4E0000CD3F4 /* Frameworks */ = {
			isa = PBXFrameworksBuildPhase;
			buildActionMask = 2147483647;
			files = (
			);
			runOnlyForDeploymentPostprocessing = 0;
		};
		745E38E927DDE4E0000CD3F4 /* Frameworks */ = {
			isa = PBXFrameworksBuildPhase;
			buildActionMask = 2147483647;
			files = (
			);
			runOnlyForDeploymentPostprocessing = 0;
		};
/* End PBXFrameworksBuildPhase section */

/* Begin PBXGroup section */
		745E38C327DDE4DF000CD3F4 = {
			isa = PBXGroup;
			children = (
				745E38CE27DDE4DF000CD3F4 /* MyCalculator */,
				745E38E527DDE4E0000CD3F4 /* MyCalculatorTests */,
				745E38EF27DDE4E0000CD3F4 /* MyCalculatorUITests */,
				745E38CD27DDE4DF000CD3F4 /* Products */,
			);
			sourceTree = "<group>";
		};
		745E38CD27DDE4DF000CD3F4 /* Products */ = {
			isa = PBXGroup;
			children = (
				745E38CC27DDE4DF000CD3F4 /* MyCalculator.app */,
				745E38E227DDE4E0000CD3F4 /* MyCalculatorTests.xctest */,
				745E38EC27DDE4E0000CD3F4 /* MyCalculatorUITests.xctest */,
			);
			name = Products;
			sourceTree = "<group>";
		};
		745E38CE27DDE4DF000CD3F4 /* MyCalculator */ = {
			isa = PBXGroup;
			children = (
				745E38CF27DDE4DF000CD3F4 /* AppDelegate.swift */,
				745E38D127DDE4DF000CD3F4 /* SceneDelegate.swift */,
				745E38D327DDE4DF000CD3F4 /* ViewController.swift */,
				745E38D527DDE4DF000CD3F4 /* Main.storyboard */,
				745E38D827DDE4E0000CD3F4 /* Assets.xcassets */,
				745E38DA27DDE4E0000CD3F4 /* LaunchScreen.storyboard */,
				745E38DD27DDE4E0000CD3F4 /* Info.plist */,
			);
			path = MyCalculator;
			sourceTree = "<group>";
		};
		745E38E527DDE4E0000CD3F4 /* MyCalculatorTests */ = {
			isa = PBXGroup;
			children = (
				745E38E627DDE4E0000CD3F4 /* MyCalculatorTests.swift */,
			);
			path = MyCalculatorTests;
			sourceTree = "<group>";
		};
		745E38EF27DDE4E0000CD3F4 /* MyCalculatorUITests */ = {
			isa = PBXGroup;
			children = (
				745E38F027DDE4E0000CD3F4 /* MyCalculatorUITests.swift */,
				745E38F227DDE4E0000CD3F4 /* MyCalculatorUITestsLaunchTests.swift */,
			);
			path = MyCalculatorUITests;
			sourceTree = "<group>";
		};
/* End PBXGroup section */

/* Begin PBXNativeTarget section */
		745E38CB27DDE4DF000CD3F4 /* MyCalculator */ = {
			isa = PBXNativeTarget;
			buildConfigurationList = 745E38F627DDE4E0000CD3F4 /* Build configuration list for PBXNativeTarget "MyCalculator" */;
			buildPhases = (
				745E38C827DDE4DF000CD3F4 /* Sources */,
				745E38C927DDE4DF000CD3F4 /* Frameworks */,
				745E38CA27DDE4DF000CD3F4 /* Resources */,
			);
			buildRules = (
			);
			dependencies = (
			);
			name = MyCalculator;
			productName = MyCalculator;
			productReference = 745E38CC27DDE4DF000CD3F4 /* MyCalculator.app */;
			productType = "com.apple.product-type.application";
		};
		745E38E127DDE4E0000CD3F4 /* MyCalculatorTests */ = {
			isa = PBXNativeTarget;
			buildConfigurationList = 745E38F927DDE4E0000CD3F4 /* Build configuration list for PBXNativeTarget "MyCalculatorTests" */;
			buildPhases = (
				745E38DE27DDE4E0000CD3F4 /* Sources */,
				745E38DF27DDE4E0000CD3F4 /* Frameworks */,
				745E38E027DDE4E0000CD3F4 /* Resources */,
			);
			buildRules = (
			);
			dependencies = (
				745E38E427DDE4E0000CD3F4 /* PBXTargetDependency */,
			);
			name = MyCalculatorTests;
			productName = MyCalculatorTests;
			productReference = 745E38E227DDE4E0000CD3F4 /* MyCalculatorTests.xctest */;
			productType = "com.apple.product-type.bundle.unit-test";
		};
		745E38EB27DDE4E0000CD3F4 /* MyCalculatorUITests */ = {
			isa = PBXNativeTarget;
			buildConfigurationList = 745E38FC27DDE4E0000CD3F4 /* Build configuration list for PBXNativeTarget "MyCalculatorUITests" */;
			buildPhases = (
				745E38E827DDE4E0000CD3F4 /* Sources */,
				745E38E927DDE4E0000CD3F4 /* Frameworks */,
				745E38EA27DDE4E0000CD3F4 /* Resources */,
			);
			buildRules = (
			);
			dependencies = (
				745E38EE27DDE4E0000CD3F4 /* PBXTargetDependency */,
			);
			name = MyCalculatorUITests;
			productName = MyCalculatorUITests;
			productReference = 745E38EC27DDE4E0000CD3F4 /* MyCalculatorUITests.xctest */;
			productType = "com.apple.product-type.bundle.ui-testing";
		};
/* End PBXNativeTarget section */

/* Begin PBXProject section */
		745E38C427DDE4DF000CD3F4 /* Project object */ = {
			isa = PBXProject;
			attributes = {
				BuildIndependentTargetsInParallel = 1;
				LastSwiftUpdateCheck = 1320;
				LastUpgradeCheck = 1320;
				TargetAttributes = {
					745E38CB27DDE4DF000CD3F4 = {
						CreatedOnToolsVersion = 13.2.1;
					};
					745E38E127DDE4E0000CD3F4 = {
						CreatedOnToolsVersion = 13.2.1;
						TestTargetID = 745E38CB27DDE4DF000CD3F4;
					};
					745E38EB27DDE4E0000CD3F4 = {
						CreatedOnToolsVersion = 13.2.1;
						TestTargetID = 745E38CB27DDE4DF000CD3F4;
					};
				};
			};
			buildConfigurationList = 745E38C727DDE4DF000CD3F4 /* Build configuration list for PBXProject "MyCalculator" */;
			compatibilityVersion = "Xcode 13.0";
			developmentRegion = en;
			hasScannedForEncodings = 0;
			knownRegions = (
				en,
				Base,
			);
			mainGroup = 745E38C327DDE4DF000CD3F4;
			productRefGroup = 745E38CD27DDE4DF000CD3F4 /* Products */;
			projectDirPath = "";
			projectRoot = "";
			targets = (
				745E38CB27DDE4DF000CD3F4 /* MyCalculator */,
				745E38E127DDE4E0000CD3F4 /* MyCalculatorTests */,
				745E38EB27DDE4E0000CD3F4 /* MyCalculatorUITests */,
			);
		};
/* End PBXProject section */

/* Begin PBXResourcesBuildPhase section */
		745E38CA27DDE4DF000CD3F4 /* Resources */ = {
			isa = PBXResourcesBuildPhase;
			buildActionMask = 2147483647;
			files = (
				745E38DC27DDE4E0000CD3F4 /* LaunchScreen.storyboard in Resources */,
				745E38D927DDE4E0000CD3F4 /* Assets.xcassets in Resources */,
				745E38D727DDE4DF000CD3F4 /* Main.storyboard in Resources */,
			);
			runOnlyForDeploymentPostprocessing = 0;
		};
		745E38E027DDE4E0000CD3F4 /* Resources */ = {
			isa = PBXResourcesBuildPhase;
			buildActionMask = 2147483647;
			files = (
			);
			runOnlyForDeploymentPostprocessing = 0;
		};
		745E38EA27DDE4E0000CD3F4 /* Resources */ = {
			isa = PBXResourcesBuildPhase;
			buildActionMask = 2147483647;
			files = (
			);
			runOnlyForDeploymentPostprocessing = 0;
		};
/* End PBXResourcesBuildPhase section */

/* Begin PBXSourcesBuildPhase section */
		745E38C827DDE4DF000CD3F4 /* Sources */ = {
			isa = PBXSourcesBuildPhase;
			buildActionMask = 2147483647;
			files = (
				745E38D427DDE4DF000CD3F4 /* ViewController.swift in Sources */,
				745E38D027DDE4DF000CD3F4 /* AppDelegate.swift in Sources */,
				745E38D227DDE4DF000CD3F4 /* SceneDelegate.swift in Sources */,
			);
			runOnlyForDeploymentPostprocessing = 0;
		};
		745E38DE27DDE4E0000CD3F4 /* Sources */ = {
			isa = PBXSourcesBuildPhase;
			buildActionMask = 2147483647;
			files = (
				745E38E727DDE4E0000CD3F4 /* MyCalculatorTests.swift in Sources */,
			);
			runOnlyForDeploymentPostprocessing = 0;
		};
		745E38E827DDE4E0000CD3F4 /* Sources */ = {
			isa = PBXSourcesBuildPhase;
			buildActionMask = 2147483647;
			files = (
				745E38F327DDE4E0000CD3F4 /* MyCalculatorUITestsLaunchTests.swift in Sources */,
				745E38F127DDE4E0000CD3F4 /* MyCalculatorUITests.swift in Sources */,
			);
			runOnlyForDeploymentPostprocessing = 0;
		};
/* End PBXSourcesBuildPhase section */

/* Begin PBXTargetDependency section */
		745E38E427DDE4E0000CD3F4 /* PBXTargetDependency */ = {
			isa = PBXTargetDependency;
			target = 745E38CB27DDE4DF000CD3F4 /* MyCalculator */;
			targetProxy = 745E38E327DDE4E0000CD3F4 /* PBXContainerItemProxy */;
		};
		745E38EE27DDE4E0000CD3F4 /* PBXTargetDependency */ = {
			isa = PBXTargetDependency;
			target = 745E38CB27DDE4DF000CD3F4 /* MyCalculator */;
			targetProxy = 745E38ED27DDE4E0000CD3F4 /* PBXContainerItemProxy */;
		};
/* End PBXTargetDependency section */

/* Begin PBXVariantGroup section */
		745E38D527DDE4DF000CD3F4 /* Main.storyboard */ = {
			isa = PBXVariantGroup;
			children = (
				745E38D627DDE4DF000CD3F4 /* Base */,
			);
			name = Main.storyboard;
			sourceTree = "<group>";
		};
		745E38DA27DDE4E0000CD3F4 /* LaunchScreen.storyboard */ = {
			isa = PBXVariantGroup;
			children = (
				745E38DB27DDE4E0000CD3F4 /* Base */,
			);
			name = LaunchScreen.storyboard;
			sourceTree = "<group>";
		};
/* End PBXVariantGroup section */

/* Begin XCBuildConfiguration section */
		745E38F427DDE4E0000CD3F4 /* Debug */ = {
			isa = XCBuildConfiguration;
			buildSettings = {
				ALWAYS_SEARCH_USER_PATHS = NO;
				CLANG_ANALYZER_NONNULL = YES;
				CLANG_ANALYZER_NUMBER_OBJECT_CONVERSION = YES_AGGRESSIVE;
				CLANG_CXX_LANGUAGE_STANDARD = "gnu++17";
				CLANG_CXX_LIBRARY = "libc++";
				CLANG_ENABLE_MODULES = YES;
				CLANG_ENABLE_OBJC_ARC = YES;
				CLANG_ENABLE_OBJC_WEAK = YES;
				CLANG_WARN_BLOCK_CAPTURE_AUTORELEASING = YES;
				CLANG_WARN_BOOL_CONVERSION = YES;
				CLANG_WARN_COMMA = YES;
				CLANG_WARN_CONSTANT_CONVERSION = YES;
				CLANG_WARN_DEPRECATED_OBJC_IMPLEMENTATIONS = YES;
				CLANG_WARN_DIRECT_OBJC_ISA_USAGE = YES_ERROR;
				CLANG_WARN_DOCUMENTATION_COMMENTS = YES;
				CLANG_WARN_EMPTY_BODY = YES;
				CLANG_WARN_ENUM_CONVERSION = YES;
				CLANG_WARN_INFINITE_RECURSION = YES;
				CLANG_WARN_INT_CONVERSION = YES;
				CLANG_WARN_NON_LITERAL_NULL_CONVERSION = YES;
				CLANG_WARN_OBJC_IMPLICIT_RETAIN_SELF = YES;
				CLANG_WARN_OBJC_LITERAL_CONVERSION = YES;
				CLANG_WARN_OBJC_ROOT_CLASS = YES_ERROR;
				CLANG_WARN_QUOTED_INCLUDE_IN_FRAMEWORK_HEADER = YES;
				CLANG_WARN_RANGE_LOOP_ANALYSIS = YES;
				CLANG_WARN_STRICT_PROTOTYPES = YES;
				CLANG_WARN_SUSPICIOUS_MOVE = YES;
				CLANG_WARN_UNGUARDED_AVAILABILITY = YES_AGGRESSIVE;
				CLANG_WARN_UNREACHABLE_CODE = YES;
				CLANG_WARN__DUPLICATE_METHOD_MATCH = YES;
				COPY_PHASE_STRIP = NO;
				DEBUG_INFORMATION_FORMAT = dwarf;
				ENABLE_STRICT_OBJC_MSGSEND = YES;
				ENABLE_TESTABILITY = YES;
				GCC_C_LANGUAGE_STANDARD = gnu11;
				GCC_DYNAMIC_NO_PIC = NO;
				GCC_NO_COMMON_BLOCKS = YES;
				GCC_OPTIMIZATION_LEVEL = 0;
				GCC_PREPROCESSOR_DEFINITIONS = (
					"DEBUG=1",
					"$(inherited)",
				);
				GCC_WARN_64_TO_32_BIT_CONVERSION = YES;
				GCC_WARN_ABOUT_RETURN_TYPE = YES_ERROR;
				GCC_WARN_UNDECLARED_SELECTOR = YES;
				GCC_WARN_UNINITIALIZED_AUTOS = YES_AGGRESSIVE;
				GCC_WARN_UNUSED_FUNCTION = YES;
				GCC_WARN_UNUSED_VARIABLE = YES;
				IPHONEOS_DEPLOYMENT_TARGET = 15.2;
				MTL_ENABLE_DEBUG_INFO = INCLUDE_SOURCE;
				MTL_FAST_MATH = YES;
				ONLY_ACTIVE_ARCH = YES;
				SDKROOT = iphoneos;
				SWIFT_ACTIVE_COMPILATION_CONDITIONS = DEBUG;
				SWIFT_OPTIMIZATION_LEVEL = "-Onone";
			};
			name = Debug;
		};
		745E38F527DDE4E0000CD3F4 /* Release */ = {
			isa = XCBuildConfiguration;
			buildSettings = {
				ALWAYS_SEARCH_USER_PATHS = NO;
				CLANG_ANALYZER_NONNULL = YES;
				CLANG_ANALYZER_NUMBER_OBJECT_CONVERSION = YES_AGGRESSIVE;
				CLANG_CXX_LANGUAGE_STANDARD = "gnu++17";
				CLANG_CXX_LIBRARY = "libc++";
				CLANG_ENABLE_MODULES = YES;
				CLANG_ENABLE_OBJC_ARC = YES;
				CLANG_ENABLE_OBJC_WEAK = YES;
				CLANG_WARN_BLOCK_CAPTURE_AUTORELEASING = YES;
				CLANG_WARN_BOOL_CONVERSION = YES;
				CLANG_WARN_COMMA = YES;
				CLANG_WARN_CONSTANT_CONVERSION = YES;
				CLANG_WARN_DEPRECATED_OBJC_IMPLEMENTATIONS = YES;
				CLANG_WARN_DIRECT_OBJC_ISA_USAGE = YES_ERROR;
				CLANG_WARN_DOCUMENTATION_COMMENTS = YES;
				CLANG_WARN_EMPTY_BODY = YES;
				CLANG_WARN_ENUM_CONVERSION = YES;
				CLANG_WARN_INFINITE_RECURSION = YES;
				CLANG_WARN_INT_CONVERSION = YES;
				CLANG_WARN_NON_LITERAL_NULL_CONVERSION = YES;
				CLANG_WARN_OBJC_IMPLICIT_RETAIN_SELF = YES;
				CLANG_WARN_OBJC_LITERAL_CONVERSION = YES;
				CLANG_WARN_OBJC_ROOT_CLASS = YES_ERROR;
				CLANG_WARN_QUOTED_INCLUDE_IN_FRAMEWORK_HEADER = YES;
				CLANG_WARN_RANGE_LOOP_ANALYSIS = YES;
				CLANG_WARN_STRICT_PROTOTYPES = YES;
				CLANG_WARN_SUSPICIOUS_MOVE = YES;
				CLANG_WARN_UNGUARDED_AVAILABILITY = YES_AGGRESSIVE;
				CLANG_WARN_UNREACHABLE_CODE = YES;
				CLANG_WARN__DUPLICATE_METHOD_MATCH = YES;
				COPY_PHASE_STRIP = NO;
				DEBUG_INFORMATION_FORMAT = "dwarf-with-dsym";
				ENABLE_NS_ASSERTIONS = NO;
				ENABLE_STRICT_OBJC_MSGSEND = YES;
				GCC_C_LANGUAGE_STANDARD = gnu11;
				GCC_NO_COMMON_BLOCKS = YES;
				GCC_WARN_64_TO_32_BIT_CONVERSION = YES;
				GCC_WARN_ABOUT_RETURN_TYPE = YES_ERROR;
				GCC_WARN_UNDECLARED_SELECTOR = YES;
				GCC_WARN_UNINITIALIZED_AUTOS = YES_AGGRESSIVE;
				GCC_WARN_UNUSED_FUNCTION = YES;
				GCC_WARN_UNUSED_VARIABLE = YES;
				IPHONEOS_DEPLOYMENT_TARGET = 15.2;
				MTL_ENABLE_DEBUG_INFO = NO;
				MTL_FAST_MATH = YES;
				SDKROOT = iphoneos;
				SWIFT_COMPILATION_MODE = wholemodule;
				SWIFT_OPTIMIZATION_LEVEL = "-O";
				VALIDATE_PRODUCT = YES;
			};
			name = Release;
		};
		745E38F727DDE4E0000CD3F4 /* Debug */ = {
			isa = XCBuildConfiguration;
			buildSettings = {
				ASSETCATALOG_COMPILER_APPICON_NAME = AppIcon;
				ASSETCATALOG_COMPILER_GLOBAL_ACCENT_COLOR_NAME = AccentColor;
				CODE_SIGN_STYLE = Automatic;
				CURRENT_PROJECT_VERSION = 1;
				GENERATE_INFOPLIST_FILE = YES;
				INFOPLIST_FILE = MyCalculator/Info.plist;
				INFOPLIST_KEY_UIApplicationSupportsIndirectInputEvents = YES;
				INFOPLIST_KEY_UILaunchStoryboardName = LaunchScreen;
				INFOPLIST_KEY_UIMainStoryboardFile = Main;
				INFOPLIST_KEY_UISupportedInterfaceOrientations_iPad = "UIInterfaceOrientationPortrait UIInterfaceOrientationPortraitUpsideDown UIInterfaceOrientationLandscapeLeft UIInterfaceOrientationLandscapeRight";
				INFOPLIST_KEY_UISupportedInterfaceOrientations_iPhone = "UIInterfaceOrientationPortrait UIInterfaceOrientationLandscapeLeft UIInterfaceOrientationLandscapeRight";
				LD_RUNPATH_SEARCH_PATHS = (
					"$(inherited)",
					"@executable_path/Frameworks",
				);
				MARKETING_VERSION = 1.0;
				PRODUCT_BUNDLE_IDENTIFIER = study.MyCalculator;
				PRODUCT_NAME = "$(TARGET_NAME)";
				SWIFT_EMIT_LOC_STRINGS = YES;
				SWIFT_VERSION = 5.0;
				TARGETED_DEVICE_FAMILY = "1,2";
			};
			name = Debug;
		};
		745E38F827DDE4E0000CD3F4 /* Release */ = {
			isa = XCBuildConfiguration;
			buildSettings = {
				ASSETCATALOG_COMPILER_APPICON_NAME = AppIcon;
				ASSETCATALOG_COMPILER_GLOBAL_ACCENT_COLOR_NAME = AccentColor;
				CODE_SIGN_STYLE = Automatic;
				CURRENT_PROJECT_VERSION = 1;
				GENERATE_INFOPLIST_FILE = YES;
				INFOPLIST_FILE = MyCalculator/Info.plist;
				INFOPLIST_KEY_UIApplicationSupportsIndirectInputEvents = YES;
				INFOPLIST_KEY_UILaunchStoryboardName = LaunchScreen;
				INFOPLIST_KEY_UIMainStoryboardFile = Main;
				INFOPLIST_KEY_UISupportedInterfaceOrientations_iPad = "UIInterfaceOrientationPortrait UIInterfaceOrientationPortraitUpsideDown UIInterfaceOrientationLandscapeLeft UIInterfaceOrientationLandscapeRight";
				INFOPLIST_KEY_UISupportedInterfaceOrientations_iPhone = "UIInterfaceOrientationPortrait UIInterfaceOrientationLandscapeLeft UIInterfaceOrientationLandscapeRight";
				LD_RUNPATH_SEARCH_PATHS = (
					"$(inherited)",
					"@executable_path/Frameworks",
				);
				MARKETING_VERSION = 1.0;
				PRODUCT_BUNDLE_IDENTIFIER = study.MyCalculator;
				PRODUCT_NAME = "$(TARGET_NAME)";
				SWIFT_EMIT_LOC_STRINGS = YES;
				SWIFT_VERSION = 5.0;
				TARGETED_DEVICE_FAMILY = "1,2";
			};
			name = Release;
		};
		745E38FA27DDE4E0000CD3F4 /* Debug */ = {
			isa = XCBuildConfiguration;
			buildSettings = {
				ALWAYS_EMBED_SWIFT_STANDARD_LIBRARIES = YES;
				BUNDLE_LOADER = "$(TEST_HOST)";
				CODE_SIGN_STYLE = Automatic;
				CURRENT_PROJECT_VERSION = 1;
				GENERATE_INFOPLIST_FILE = YES;
				IPHONEOS_DEPLOYMENT_TARGET = 15.2;
				MARKETING_VERSION = 1.0;
				PRODUCT_BUNDLE_IDENTIFIER = study.MyCalculatorTests;
				PRODUCT_NAME = "$(TARGET_NAME)";
				SWIFT_EMIT_LOC_STRINGS = NO;
				SWIFT_VERSION = 5.0;
				TARGETED_DEVICE_FAMILY = "1,2";
				TEST_HOST = "$(BUILT_PRODUCTS_DIR)/MyCalculator.app/MyCalculator";
			};
			name = Debug;
		};
		745E38FB27DDE4E0000CD3F4 /* Release */ = {
			isa = XCBuildConfiguration;
			buildSettings = {
				ALWAYS_EMBED_SWIFT_STANDARD_LIBRARIES = YES;
				BUNDLE_LOADER = "$(TEST_HOST)";
				CODE_SIGN_STYLE = Automatic;
				CURRENT_PROJECT_VERSION = 1;
				GENERATE_INFOPLIST_FILE = YES;
				IPHONEOS_DEPLOYMENT_TARGET = 15.2;
				MARKETING_VERSION = 1.0;
				PRODUCT_BUNDLE_IDENTIFIER = study.MyCalculatorTests;
				PRODUCT_NAME = "$(TARGET_NAME)";
				SWIFT_EMIT_LOC_STRINGS = NO;
				SWIFT_VERSION = 5.0;
				TARGETED_DEVICE_FAMILY = "1,2";
				TEST_HOST = "$(BUILT_PRODUCTS_DIR)/MyCalculator.app/MyCalculator";
			};
			name = Release;
		};
		745E38FD27DDE4E0000CD3F4 /* Debug */ = {
			isa = XCBuildConfiguration;
			buildSettings = {
				ALWAYS_EMBED_SWIFT_STANDARD_LIBRARIES = YES;
				CODE_SIGN_STYLE = Automatic;
				CURRENT_PROJECT_VERSION = 1;
				GENERATE_INFOPLIST_FILE = YES;
				MARKETING_VERSION = 1.0;
				PRODUCT_BUNDLE_IDENTIFIER = study.MyCalculatorUITests;
				PRODUCT_NAME = "$(TARGET_NAME)";
				SWIFT_EMIT_LOC_STRINGS = NO;
				SWIFT_VERSION = 5.0;
				TARGETED_DEVICE_FAMILY = "1,2";
				TEST_TARGET_NAME = MyCalculator;
			};
			name = Debug;
		};
		745E38FE27DDE4E0000CD3F4 /* Release */ = {
			isa = XCBuildConfiguration;
			buildSettings = {
				ALWAYS_EMBED_SWIFT_STANDARD_LIBRARIES = YES;
				CODE_SIGN_STYLE = Automatic;
				CURRENT_PROJECT_VERSION = 1;
				GENERATE_INFOPLIST_FILE = YES;
				MARKETING_VERSION = 1.0;
				PRODUCT_BUNDLE_IDENTIFIER = study.MyCalculatorUITests;
				PRODUCT_NAME = "$(TARGET_NAME)";
				SWIFT_EMIT_LOC_STRINGS = NO;
				SWIFT_VERSION = 5.0;
				TARGETED_DEVICE_FAMILY = "1,2";
				TEST_TARGET_NAME = MyCalculator;
			};
			name = Release;
		};
/* End XCBuildConfiguration section */

/* Begin XCConfigurationList section */
		745E38C727DDE4DF000CD3F4 /* Build configuration list for PBXProject "MyCalculator" */ = {
			isa = XCConfigurationList;
			buildConfigurations = (
				745E38F427DDE4E0000CD3F4 /* Debug */,
				745E38F527DDE4E0000CD3F4 /* Release */,
			);
			defaultConfigurationIsVisible = 0;
			defaultConfigurationName = Release;
		};
		745E38F627DDE4E0000CD3F4 /* Build configuration list for PBXNativeTarget "MyCalculator" */ = {
			isa = XCConfigurationList;
			buildConfigurations = (
				745E38F727DDE4E0000CD3F4 /* Debug */,
				745E38F827DDE4E0000CD3F4 /* Release */,
			);
			defaultConfigurationIsVisible = 0;
			defaultConfigurationName = Release;
		};
		745E38F927DDE4E0000CD3F4 /* Build configuration list for PBXNativeTarget "MyCalculatorTests" */ = {
			isa = XCConfigurationList;
			buildConfigurations = (
				745E38FA27DDE4E0000CD3F4 /* Debug */,
				745E38FB27DDE4E0000CD3F4 /* Release */,
			);
			defaultConfigurationIsVisible = 0;
			defaultConfigurationName = Release;
		};
		745E38FC27DDE4E0000CD3F4 /* Build configuration list for PBXNativeTarget "MyCalculatorUITests" */ = {
			isa = XCConfigurationList;
			buildConfigurations = (
				745E38FD27DDE4E0000CD3F4 /* Debug */,
				745E38FE27DDE4E0000CD3F4 /* Release */,
			);
			defaultConfigurationIsVisible = 0;
			defaultConfigurationName = Release;
		};
/* End XCConfigurationList section */
	};
	rootObject = 745E38C427DDE4DF000CD3F4 /* Project object */;
}
